
Microsoft Visual Studio Solution File, Format Version 12.00
# Visual Studio 15
VisualStudioVersion = 15.0.27703.2042
MinimumVisualStudioVersion = 10.0.40219.1
Project("{8BC9CEB8-8B4A-11D0-8D11-00A0C91BC942}") = "PP7", "PP7\PP7.vcxproj", "{61CAD0F0-1735-4FA9-89B4-D05778BFD13D}"
EndProject
Global
	GlobalSection(SolutionConfigurationPlatforms) = preSolution
		Debug|x64 = Debug|x64
		Debug|x86 = Debug|x86
		Release|x64 = Release|x64
		Release|x86 = Release|x86
	EndGlobalSection
	GlobalSection(ProjectConfigurationPlatforms) = postSolution
		{61CAD0F0-1735-4FA9-89B4-D05778BFD13D}.Debug|x64.ActiveCfg = Debug|x64
		{61CAD0F0-1735-4FA9-89B4-D05778BFD13D}.Debug|x64.Build.0 = Debug|x64
		{61CAD0F0-1735-4FA9-89B4-D05778BFD13D}.Debug|x86.ActiveCfg = Debug|Win32
		{61CAD0F0-1735-4FA9-89B4-D05778BFD13D}.Debug|x86.Build.0 = Debug|Win32
		{61CAD0F0-1735-4FA9-89B4-D05778BFD13D}.Release|x64.ActiveCfg = Release|x64
		{61CAD0F0-1735-4FA9-89B4-D05778BFD13D}.Release|x64.Build.0 = Release|x64
		{61CAD0F0-1735-4FA9-89B4-D05778BFD13D}.Release|x86.ActiveCfg = Release|Win32
		{61CAD0F0-1735-4FA9-89B4-D05778BFD13D}.Release|x86.Build.0 = Release|Win32
	EndGlobalSection
	GlobalSection(SolutionProperties) = preSolution
		HideSolutionNode = FALSE
	EndGlobalSection
	GlobalSection(ExtensibilityGlobals) = postSolution
		SolutionGuid = {4B3AF76A-9566-43B1-A56D-82B70EF32095}
	EndGlobalSection
EndGlobal
